
Microsoft Visual Studio Solution File, Format Version 12.00
# Visual Studio 14
VisualStudioVersion = 14.0.25420.1
MinimumVisualStudioVersion = 10.0.40219.1
Project("{FAE04EC0-301F-11D3-BF4B-00C04F79EFBC}") = "AboutMe1", "AboutMe1\AboutMe1\AboutMe1.csproj", "{05AD071C-C3FC-4000-9C81-8C91815847AA}"
EndProject
Project("{FAE04EC0-301F-11D3-BF4B-00C04F79EFBC}") = "AboutMe1.Droid", "AboutMe1\AboutMe1.Droid\AboutMe1.Droid.csproj", "{F19AC35E-E76E-4FFF-9B54-D55AAC383CBA}"
EndProject
Project("{FAE04EC0-301F-11D3-BF4B-00C04F79EFBC}") = "AboutMe1.iOS", "AboutMe1\AboutMe1.iOS\AboutMe1.iOS.csproj", "{7C6E1435-B16C-4455-A575-D6D7A37AF48D}"
EndProject
Project("{FAE04EC0-301F-11D3-BF4B-00C04F79EFBC}") = "AboutMe1.WinPhone", "AboutMe1\AboutMe1.WinPhone\AboutMe1.WinPhone.csproj", "{E0CF2388-3A63-4B9B-B75B-163999175EB3}"
EndProject
Project("{FAE04EC0-301F-11D3-BF4B-00C04F79EFBC}") = "AboutMe1.UWP", "AboutMe1\AboutMe1.UWP\AboutMe1.UWP.csproj", "{99C095E4-A901-471D-9478-F40E9196A632}"
EndProject
Project("{FAE04EC0-301F-11D3-BF4B-00C04F79EFBC}") = "AboutMe1.Windows", "AboutMe1\AboutMe1.Windows\AboutMe1.Windows.csproj", "{75878801-AD07-492A-90A1-B925CC40DC66}"
EndProject
Global
	GlobalSection(SolutionConfigurationPlatforms) = preSolution
		Ad-Hoc|Any CPU = Ad-Hoc|Any CPU
		Ad-Hoc|ARM = Ad-Hoc|ARM
		Ad-Hoc|iPhone = Ad-Hoc|iPhone
		Ad-Hoc|iPhoneSimulator = Ad-Hoc|iPhoneSimulator
		Ad-Hoc|x64 = Ad-Hoc|x64
		Ad-Hoc|x86 = Ad-Hoc|x86
		AppStore|Any CPU = AppStore|Any CPU
		AppStore|ARM = AppStore|ARM
		AppStore|iPhone = AppStore|iPhone
		AppStore|iPhoneSimulator = AppStore|iPhoneSimulator
		AppStore|x64 = AppStore|x64
		AppStore|x86 = AppStore|x86
		Debug|Any CPU = Debug|Any CPU
		Debug|ARM = Debug|ARM
		Debug|iPhone = Debug|iPhone
		Debug|iPhoneSimulator = Debug|iPhoneSimulator
		Debug|x64 = Debug|x64
		Debug|x86 = Debug|x86
		Release|Any CPU = Release|Any CPU
		Release|ARM = Release|ARM
		Release|iPhone = Release|iPhone
		Release|iPhoneSimulator = Release|iPhoneSimulator
		Release|x64 = Release|x64
		Release|x86 = Release|x86
	EndGlobalSection
	GlobalSection(ProjectConfigurationPlatforms) = postSolution
		{05AD071C-C3FC-4000-9C81-8C91815847AA}.Ad-Hoc|Any CPU.ActiveCfg = Release|Any CPU
		{05AD071C-C3FC-4000-9C81-8C91815847AA}.Ad-Hoc|Any CPU.Build.0 = Release|Any CPU
		{05AD071C-C3FC-4000-9C81-8C91815847AA}.Ad-Hoc|ARM.ActiveCfg = Release|Any CPU
		{05AD071C-C3FC-4000-9C81-8C91815847AA}.Ad-Hoc|ARM.Build.0 = Release|Any CPU
		{05AD071C-C3FC-4000-9C81-8C91815847AA}.Ad-Hoc|iPhone.ActiveCfg = Release|Any CPU
		{05AD071C-C3FC-4000-9C81-8C91815847AA}.Ad-Hoc|iPhone.Build.0 = Release|Any CPU
		{05AD071C-C3FC-4000-9C81-8C91815847AA}.Ad-Hoc|iPhoneSimulator.ActiveCfg = Release|Any CPU
		{05AD071C-C3FC-4000-9C81-8C91815847AA}.Ad-Hoc|iPhoneSimulator.Build.0 = Release|Any CPU
		{05AD071C-C3FC-4000-9C81-8C91815847AA}.Ad-Hoc|x64.ActiveCfg = Release|Any CPU
		{05AD071C-C3FC-4000-9C81-8C91815847AA}.Ad-Hoc|x64.Build.0 = Release|Any CPU
		{05AD071C-C3FC-4000-9C81-8C91815847AA}.Ad-Hoc|x86.ActiveCfg = Release|Any CPU
		{05AD071C-C3FC-4000-9C81-8C91815847AA}.Ad-Hoc|x86.Build.0 = Release|Any CPU
		{05AD071C-C3FC-4000-9C81-8C91815847AA}.AppStore|Any CPU.ActiveCfg = Release|Any CPU
		{05AD071C-C3FC-4000-9C81-8C91815847AA}.AppStore|Any CPU.Build.0 = Release|Any CPU
		{05AD071C-C3FC-4000-9C81-8C91815847AA}.AppStore|ARM.ActiveCfg = Release|Any CPU
		{05AD071C-C3FC-4000-9C81-8C91815847AA}.AppStore|ARM.Build.0 = Release|Any CPU
		{05AD071C-C3FC-4000-9C81-8C91815847AA}.AppStore|iPhone.ActiveCfg = Release|Any CPU
		{05AD071C-C3FC-4000-9C81-8C91815847AA}.AppStore|iPhone.Build.0 = Release|Any CPU
		{05AD071C-C3FC-4000-9C81-8C91815847AA}.AppStore|iPhoneSimulator.ActiveCfg = Release|Any CPU
		{05AD071C-C3FC-4000-9C81-8C91815847AA}.AppStore|iPhoneSimulator.Build.0 = Release|Any CPU
		{05AD071C-C3FC-4000-9C81-8C91815847AA}.AppStore|x64.ActiveCfg = Release|Any CPU
		{05AD071C-C3FC-4000-9C81-8C91815847AA}.AppStore|x64.Build.0 = Release|Any CPU
		{05AD071C-C3FC-4000-9C81-8C91815847AA}.AppStore|x86.ActiveCfg = Release|Any CPU
		{05AD071C-C3FC-4000-9C81-8C91815847AA}.AppStore|x86.Build.0 = Release|Any CPU
		{05AD071C-C3FC-4000-9C81-8C91815847AA}.Debug|Any CPU.ActiveCfg = Debug|Any CPU
		{05AD071C-C3FC-4000-9C81-8C91815847AA}.Debug|Any CPU.Build.0 = Debug|Any CPU
		{05AD071C-C3FC-4000-9C81-8C91815847AA}.Debug|ARM.ActiveCfg = Debug|Any CPU
		{05AD071C-C3FC-4000-9C81-8C91815847AA}.Debug|ARM.Build.0 = Debug|Any CPU
		{05AD071C-C3FC-4000-9C81-8C91815847AA}.Debug|iPhone.ActiveCfg = Debug|Any CPU
		{05AD071C-C3FC-4000-9C81-8C91815847AA}.Debug|iPhone.Build.0 = Debug|Any CPU
		{05AD071C-C3FC-4000-9C81-8C91815847AA}.Debug|iPhoneSimulator.ActiveCfg = Debug|Any CPU
		{05AD071C-C3FC-4000-9C81-8C91815847AA}.Debug|iPhoneSimulator.Build.0 = Debug|Any CPU
		{05AD071C-C3FC-4000-9C81-8C91815847AA}.Debug|x64.ActiveCfg = Debug|Any CPU
		{05AD071C-C3FC-4000-9C81-8C91815847AA}.Debug|x64.Build.0 = Debug|Any CPU
		{05AD071C-C3FC-4000-9C81-8C91815847AA}.Debug|x86.ActiveCfg = Debug|Any CPU
		{05AD071C-C3FC-4000-9C81-8C91815847AA}.Debug|x86.Build.0 = Debug|Any CPU
		{05AD071C-C3FC-4000-9C81-8C91815847AA}.Release|Any CPU.ActiveCfg = Release|Any CPU
		{05AD071C-C3FC-4000-9C81-8C91815847AA}.Release|Any CPU.Build.0 = Release|Any CPU
		{05AD071C-C3FC-4000-9C81-8C91815847AA}.Release|ARM.ActiveCfg = Release|Any CPU
		{05AD071C-C3FC-4000-9C81-8C91815847AA}.Release|ARM.Build.0 = Release|Any CPU
		{05AD071C-C3FC-4000-9C81-8C91815847AA}.Release|iPhone.ActiveCfg = Release|Any CPU
		{05AD071C-C3FC-4000-9C81-8C91815847AA}.Release|iPhone.Build.0 = Release|Any CPU
		{05AD071C-C3FC-4000-9C81-8C91815847AA}.Release|iPhoneSimulator.ActiveCfg = Release|Any CPU
		{05AD071C-C3FC-4000-9C81-8C91815847AA}.Release|iPhoneSimulator.Build.0 = Release|Any CPU
		{05AD071C-C3FC-4000-9C81-8C91815847AA}.Release|x64.ActiveCfg = Release|Any CPU
		{05AD071C-C3FC-4000-9C81-8C91815847AA}.Release|x64.Build.0 = Release|Any CPU
		{05AD071C-C3FC-4000-9C81-8C91815847AA}.Release|x86.ActiveCfg = Release|Any CPU
		{05AD071C-C3FC-4000-9C81-8C91815847AA}.Release|x86.Build.0 = Release|Any CPU
		{F19AC35E-E76E-4FFF-9B54-D55AAC383CBA}.Ad-Hoc|Any CPU.ActiveCfg = Release|Any CPU
		{F19AC35E-E76E-4FFF-9B54-D55AAC383CBA}.Ad-Hoc|Any CPU.Build.0 = Release|Any CPU
		{F19AC35E-E76E-4FFF-9B54-D55AAC383CBA}.Ad-Hoc|Any CPU.Deploy.0 = Release|Any CPU
		{F19AC35E-E76E-4FFF-9B54-D55AAC383CBA}.Ad-Hoc|ARM.ActiveCfg = Release|Any CPU
		{F19AC35E-E76E-4FFF-9B54-D55AAC383CBA}.Ad-Hoc|ARM.Build.0 = Release|Any CPU
		{F19AC35E-E76E-4FFF-9B54-D55AAC383CBA}.Ad-Hoc|ARM.Deploy.0 = Release|Any CPU
		{F19AC35E-E76E-4FFF-9B54-D55AAC383CBA}.Ad-Hoc|iPhone.ActiveCfg = Release|Any CPU
		{F19AC35E-E76E-4FFF-9B54-D55AAC383CBA}.Ad-Hoc|iPhone.Build.0 = Release|Any CPU
		{F19AC35E-E76E-4FFF-9B54-D55AAC383CBA}.Ad-Hoc|iPhone.Deploy.0 = Release|Any CPU
		{F19AC35E-E76E-4FFF-9B54-D55AAC383CBA}.Ad-Hoc|iPhoneSimulator.ActiveCfg = Release|Any CPU
		{F19AC35E-E76E-4FFF-9B54-D55AAC383CBA}.Ad-Hoc|iPhoneSimulator.Build.0 = Release|Any CPU
		{F19AC35E-E76E-4FFF-9B54-D55AAC383CBA}.Ad-Hoc|iPhoneSimulator.Deploy.0 = Release|Any CPU
		{F19AC35E-E76E-4FFF-9B54-D55AAC383CBA}.Ad-Hoc|x64.ActiveCfg = Release|Any CPU
		{F19AC35E-E76E-4FFF-9B54-D55AAC383CBA}.Ad-Hoc|x64.Build.0 = Release|Any CPU
		{F19AC35E-E76E-4FFF-9B54-D55AAC383CBA}.Ad-Hoc|x64.Deploy.0 = Release|Any CPU
		{F19AC35E-E76E-4FFF-9B54-D55AAC383CBA}.Ad-Hoc|x86.ActiveCfg = Release|Any CPU
		{F19AC35E-E76E-4FFF-9B54-D55AAC383CBA}.Ad-Hoc|x86.Build.0 = Release|Any CPU
		{F19AC35E-E76E-4FFF-9B54-D55AAC383CBA}.Ad-Hoc|x86.Deploy.0 = Release|Any CPU
		{F19AC35E-E76E-4FFF-9B54-D55AAC383CBA}.AppStore|Any CPU.ActiveCfg = Release|Any CPU
		{F19AC35E-E76E-4FFF-9B54-D55AAC383CBA}.AppStore|Any CPU.Build.0 = Release|Any CPU
		{F19AC35E-E76E-4FFF-9B54-D55AAC383CBA}.AppStore|Any CPU.Deploy.0 = Release|Any CPU
		{F19AC35E-E76E-4FFF-9B54-D55AAC383CBA}.AppStore|ARM.ActiveCfg = Release|Any CPU
		{F19AC35E-E76E-4FFF-9B54-D55AAC383CBA}.AppStore|ARM.Build.0 = Release|Any CPU
		{F19AC35E-E76E-4FFF-9B54-D55AAC383CBA}.AppStore|ARM.Deploy.0 = Release|Any CPU
		{F19AC35E-E76E-4FFF-9B54-D55AAC383CBA}.AppStore|iPhone.ActiveCfg = Release|Any CPU
		{F19AC35E-E76E-4FFF-9B54-D55AAC383CBA}.AppStore|iPhone.Build.0 = Release|Any CPU
		{F19AC35E-E76E-4FFF-9B54-D55AAC383CBA}.AppStore|iPhone.Deploy.0 = Release|Any CPU
		{F19AC35E-E76E-4FFF-9B54-D55AAC383CBA}.AppStore|iPhoneSimulator.ActiveCfg = Release|Any CPU
		{F19AC35E-E76E-4FFF-9B54-D55AAC383CBA}.AppStore|iPhoneSimulator.Build.0 = Release|Any CPU
		{F19AC35E-E76E-4FFF-9B54-D55AAC383CBA}.AppStore|iPhoneSimulator.Deploy.0 = Release|Any CPU
		{F19AC35E-E76E-4FFF-9B54-D55AAC383CBA}.AppStore|x64.ActiveCfg = Release|Any CPU
		{F19AC35E-E76E-4FFF-9B54-D55AAC383CBA}.AppStore|x64.Build.0 = Release|Any CPU
		{F19AC35E-E76E-4FFF-9B54-D55AAC383CBA}.AppStore|x64.Deploy.0 = Release|Any CPU
		{F19AC35E-E76E-4FFF-9B54-D55AAC383CBA}.AppStore|x86.ActiveCfg = Release|Any CPU
		{F19AC35E-E76E-4FFF-9B54-D55AAC383CBA}.AppStore|x86.Build.0 = Release|Any CPU
		{F19AC35E-E76E-4FFF-9B54-D55AAC383CBA}.AppStore|x86.Deploy.0 = Release|Any CPU
		{F19AC35E-E76E-4FFF-9B54-D55AAC383CBA}.Debug|Any CPU.ActiveCfg = Debug|Any CPU
		{F19AC35E-E76E-4FFF-9B54-D55AAC383CBA}.Debug|Any CPU.Build.0 = Debug|Any CPU
		{F19AC35E-E76E-4FFF-9B54-D55AAC383CBA}.Debug|Any CPU.Deploy.0 = Debug|Any CPU
		{F19AC35E-E76E-4FFF-9B54-D55AAC383CBA}.Debug|ARM.ActiveCfg = Debug|Any CPU
		{F19AC35E-E76E-4FFF-9B54-D55AAC383CBA}.Debug|ARM.Build.0 = Debug|Any CPU
		{F19AC35E-E76E-4FFF-9B54-D55AAC383CBA}.Debug|ARM.Deploy.0 = Debug|Any CPU
		{F19AC35E-E76E-4FFF-9B54-D55AAC383CBA}.Debug|iPhone.ActiveCfg = Debug|Any CPU
		{F19AC35E-E76E-4FFF-9B54-D55AAC383CBA}.Debug|iPhone.Build.0 = Debug|Any CPU
		{F19AC35E-E76E-4FFF-9B54-D55AAC383CBA}.Debug|iPhone.Deploy.0 = Debug|Any CPU
		{F19AC35E-E76E-4FFF-9B54-D55AAC383CBA}.Debug|iPhoneSimulator.ActiveCfg = Debug|Any CPU
		{F19AC35E-E76E-4FFF-9B54-D55AAC383CBA}.Debug|iPhoneSimulator.Build.0 = Debug|Any CPU
		{F19AC35E-E76E-4FFF-9B54-D55AAC383CBA}.Debug|iPhoneSimulator.Deploy.0 = Debug|Any CPU
		{F19AC35E-E76E-4FFF-9B54-D55AAC383CBA}.Debug|x64.ActiveCfg = Debug|Any CPU
		{F19AC35E-E76E-4FFF-9B54-D55AAC383CBA}.Debug|x64.Build.0 = Debug|Any CPU
		{F19AC35E-E76E-4FFF-9B54-D55AAC383CBA}.Debug|x64.Deploy.0 = Debug|Any CPU
		{F19AC35E-E76E-4FFF-9B54-D55AAC383CBA}.Debug|x86.ActiveCfg = Debug|Any CPU
		{F19AC35E-E76E-4FFF-9B54-D55AAC383CBA}.Debug|x86.Build.0 = Debug|Any CPU
		{F19AC35E-E76E-4FFF-9B54-D55AAC383CBA}.Debug|x86.Deploy.0 = Debug|Any CPU
		{F19AC35E-E76E-4FFF-9B54-D55AAC383CBA}.Release|Any CPU.ActiveCfg = Release|Any CPU
		{F19AC35E-E76E-4FFF-9B54-D55AAC383CBA}.Release|Any CPU.Build.0 = Release|Any CPU
		{F19AC35E-E76E-4FFF-9B54-D55AAC383CBA}.Release|Any CPU.Deploy.0 = Release|Any CPU
		{F19AC35E-E76E-4FFF-9B54-D55AAC383CBA}.Release|ARM.ActiveCfg = Release|Any CPU
		{F19AC35E-E76E-4FFF-9B54-D55AAC383CBA}.Release|ARM.Build.0 = Release|Any CPU
		{F19AC35E-E76E-4FFF-9B54-D55AAC383CBA}.Release|ARM.Deploy.0 = Release|Any CPU
		{F19AC35E-E76E-4FFF-9B54-D55AAC383CBA}.Release|iPhone.ActiveCfg = Release|Any CPU
		{F19AC35E-E76E-4FFF-9B54-D55AAC383CBA}.Release|iPhone.Build.0 = Release|Any CPU
		{F19AC35E-E76E-4FFF-9B54-D55AAC383CBA}.Release|iPhone.Deploy.0 = Release|Any CPU
		{F19AC35E-E76E-4FFF-9B54-D55AAC383CBA}.Release|iPhoneSimulator.ActiveCfg = Release|Any CPU
		{F19AC35E-E76E-4FFF-9B54-D55AAC383CBA}.Release|iPhoneSimulator.Build.0 = Release|Any CPU
		{F19AC35E-E76E-4FFF-9B54-D55AAC383CBA}.Release|iPhoneSimulator.Deploy.0 = Release|Any CPU
		{F19AC35E-E76E-4FFF-9B54-D55AAC383CBA}.Release|x64.ActiveCfg = Release|Any CPU
		{F19AC35E-E76E-4FFF-9B54-D55AAC383CBA}.Release|x64.Build.0 = Release|Any CPU
		{F19AC35E-E76E-4FFF-9B54-D55AAC383CBA}.Release|x64.Deploy.0 = Release|Any CPU
		{F19AC35E-E76E-4FFF-9B54-D55AAC383CBA}.Release|x86.ActiveCfg = Release|Any CPU
		{F19AC35E-E76E-4FFF-9B54-D55AAC383CBA}.Release|x86.Build.0 = Release|Any CPU
		{F19AC35E-E76E-4FFF-9B54-D55AAC383CBA}.Release|x86.Deploy.0 = Release|Any CPU
		{7C6E1435-B16C-4455-A575-D6D7A37AF48D}.Ad-Hoc|Any CPU.ActiveCfg = Ad-Hoc|iPhone
		{7C6E1435-B16C-4455-A575-D6D7A37AF48D}.Ad-Hoc|ARM.ActiveCfg = Ad-Hoc|iPhone
		{7C6E1435-B16C-4455-A575-D6D7A37AF48D}.Ad-Hoc|iPhone.ActiveCfg = Ad-Hoc|iPhone
		{7C6E1435-B16C-4455-A575-D6D7A37AF48D}.Ad-Hoc|iPhone.Build.0 = Ad-Hoc|iPhone
		{7C6E1435-B16C-4455-A575-D6D7A37AF48D}.Ad-Hoc|iPhoneSimulator.ActiveCfg = Ad-Hoc|iPhoneSimulator
		{7C6E1435-B16C-4455-A575-D6D7A37AF48D}.Ad-Hoc|iPhoneSimulator.Build.0 = Ad-Hoc|iPhoneSimulator
		{7C6E1435-B16C-4455-A575-D6D7A37AF48D}.Ad-Hoc|x64.ActiveCfg = Ad-Hoc|iPhone
		{7C6E1435-B16C-4455-A575-D6D7A37AF48D}.Ad-Hoc|x86.ActiveCfg = Ad-Hoc|iPhone
		{7C6E1435-B16C-4455-A575-D6D7A37AF48D}.AppStore|Any CPU.ActiveCfg = AppStore|iPhone
		{7C6E1435-B16C-4455-A575-D6D7A37AF48D}.AppStore|ARM.ActiveCfg = AppStore|iPhone
		{7C6E1435-B16C-4455-A575-D6D7A37AF48D}.AppStore|iPhone.ActiveCfg = AppStore|iPhone
		{7C6E1435-B16C-4455-A575-D6D7A37AF48D}.AppStore|iPhone.Build.0 = AppStore|iPhone
		{7C6E1435-B16C-4455-A575-D6D7A37AF48D}.AppStore|iPhoneSimulator.ActiveCfg = AppStore|iPhoneSimulator
		{7C6E1435-B16C-4455-A575-D6D7A37AF48D}.AppStore|iPhoneSimulator.Build.0 = AppStore|iPhoneSimulator
		{7C6E1435-B16C-4455-A575-D6D7A37AF48D}.AppStore|x64.ActiveCfg = AppStore|iPhone
		{7C6E1435-B16C-4455-A575-D6D7A37AF48D}.AppStore|x86.ActiveCfg = AppStore|iPhone
		{7C6E1435-B16C-4455-A575-D6D7A37AF48D}.Debug|Any CPU.ActiveCfg = Debug|iPhone
		{7C6E1435-B16C-4455-A575-D6D7A37AF48D}.Debug|ARM.ActiveCfg = Debug|iPhone
		{7C6E1435-B16C-4455-A575-D6D7A37AF48D}.Debug|iPhone.ActiveCfg = Debug|iPhone
		{7C6E1435-B16C-4455-A575-D6D7A37AF48D}.Debug|iPhone.Build.0 = Debug|iPhone
		{7C6E1435-B16C-4455-A575-D6D7A37AF48D}.Debug|iPhoneSimulator.ActiveCfg = Debug|iPhoneSimulator
		{7C6E1435-B16C-4455-A575-D6D7A37AF48D}.Debug|iPhoneSimulator.Build.0 = Debug|iPhoneSimulator
		{7C6E1435-B16C-4455-A575-D6D7A37AF48D}.Debug|x64.ActiveCfg = Debug|iPhone
		{7C6E1435-B16C-4455-A575-D6D7A37AF48D}.Debug|x86.ActiveCfg = Debug|iPhone
		{7C6E1435-B16C-4455-A575-D6D7A37AF48D}.Release|Any CPU.ActiveCfg = Release|iPhone
		{7C6E1435-B16C-4455-A575-D6D7A37AF48D}.Release|ARM.ActiveCfg = Release|iPhone
		{7C6E1435-B16C-4455-A575-D6D7A37AF48D}.Release|iPhone.ActiveCfg = Release|iPhone
		{7C6E1435-B16C-4455-A575-D6D7A37AF48D}.Release|iPhone.Build.0 = Release|iPhone
		{7C6E1435-B16C-4455-A575-D6D7A37AF48D}.Release|iPhoneSimulator.ActiveCfg = Release|iPhoneSimulator
		{7C6E1435-B16C-4455-A575-D6D7A37AF48D}.Release|iPhoneSimulator.Build.0 = Release|iPhoneSimulator
		{7C6E1435-B16C-4455-A575-D6D7A37AF48D}.Release|x64.ActiveCfg = Release|iPhone
		{7C6E1435-B16C-4455-A575-D6D7A37AF48D}.Release|x86.ActiveCfg = Release|iPhone
		{E0CF2388-3A63-4B9B-B75B-163999175EB3}.Ad-Hoc|Any CPU.ActiveCfg = Release|Any CPU
		{E0CF2388-3A63-4B9B-B75B-163999175EB3}.Ad-Hoc|Any CPU.Build.0 = Release|Any CPU
		{E0CF2388-3A63-4B9B-B75B-163999175EB3}.Ad-Hoc|Any CPU.Deploy.0 = Release|Any CPU
		{E0CF2388-3A63-4B9B-B75B-163999175EB3}.Ad-Hoc|ARM.ActiveCfg = Release|ARM
		{E0CF2388-3A63-4B9B-B75B-163999175EB3}.Ad-Hoc|ARM.Build.0 = Release|ARM
		{E0CF2388-3A63-4B9B-B75B-163999175EB3}.Ad-Hoc|ARM.Deploy.0 = Release|ARM
		{E0CF2388-3A63-4B9B-B75B-163999175EB3}.Ad-Hoc|iPhone.ActiveCfg = Release|Any CPU
		{E0CF2388-3A63-4B9B-B75B-163999175EB3}.Ad-Hoc|iPhone.Build.0 = Release|Any CPU
		{E0CF2388-3A63-4B9B-B75B-163999175EB3}.Ad-Hoc|iPhone.Deploy.0 = Release|Any CPU
		{E0CF2388-3A63-4B9B-B75B-163999175EB3}.Ad-Hoc|iPhoneSimulator.ActiveCfg = Release|Any CPU
		{E0CF2388-3A63-4B9B-B75B-163999175EB3}.Ad-Hoc|iPhoneSimulator.Build.0 = Release|Any CPU
		{E0CF2388-3A63-4B9B-B75B-163999175EB3}.Ad-Hoc|iPhoneSimulator.Deploy.0 = Release|Any CPU
		{E0CF2388-3A63-4B9B-B75B-163999175EB3}.Ad-Hoc|x64.ActiveCfg = Release|Any CPU
		{E0CF2388-3A63-4B9B-B75B-163999175EB3}.Ad-Hoc|x64.Build.0 = Release|Any CPU
		{E0CF2388-3A63-4B9B-B75B-163999175EB3}.Ad-Hoc|x64.Deploy.0 = Release|Any CPU
		{E0CF2388-3A63-4B9B-B75B-163999175EB3}.Ad-Hoc|x86.ActiveCfg = Release|x86
		{E0CF2388-3A63-4B9B-B75B-163999175EB3}.Ad-Hoc|x86.Build.0 = Release|x86
		{E0CF2388-3A63-4B9B-B75B-163999175EB3}.Ad-Hoc|x86.Deploy.0 = Release|x86
		{E0CF2388-3A63-4B9B-B75B-163999175EB3}.AppStore|Any CPU.ActiveCfg = Release|Any CPU
		{E0CF2388-3A63-4B9B-B75B-163999175EB3}.AppStore|Any CPU.Build.0 = Release|Any CPU
		{E0CF2388-3A63-4B9B-B75B-163999175EB3}.AppStore|Any CPU.Deploy.0 = Release|Any CPU
		{E0CF2388-3A63-4B9B-B75B-163999175EB3}.AppStore|ARM.ActiveCfg = Release|ARM
		{E0CF2388-3A63-4B9B-B75B-163999175EB3}.AppStore|ARM.Build.0 = Release|ARM
		{E0CF2388-3A63-4B9B-B75B-163999175EB3}.AppStore|ARM.Deploy.0 = Release|ARM
		{E0CF2388-3A63-4B9B-B75B-163999175EB3}.AppStore|iPhone.ActiveCfg = Release|Any CPU
		{E0CF2388-3A63-4B9B-B75B-163999175EB3}.AppStore|iPhone.Build.0 = Release|Any CPU
		{E0CF2388-3A63-4B9B-B75B-163999175EB3}.AppStore|iPhone.Deploy.0 = Release|Any CPU
		{E0CF2388-3A63-4B9B-B75B-163999175EB3}.AppStore|iPhoneSimulator.ActiveCfg = Release|Any CPU
		{E0CF2388-3A63-4B9B-B75B-163999175EB3}.AppStore|iPhoneSimulator.Build.0 = Release|Any CPU
		{E0CF2388-3A63-4B9B-B75B-163999175EB3}.AppStore|iPhoneSimulator.Deploy.0 = Release|Any CPU
		{E0CF2388-3A63-4B9B-B75B-163999175EB3}.AppStore|x64.ActiveCfg = Release|Any CPU
		{E0CF2388-3A63-4B9B-B75B-163999175EB3}.AppStore|x64.Build.0 = Release|Any CPU
		{E0CF2388-3A63-4B9B-B75B-163999175EB3}.AppStore|x64.Deploy.0 = Release|Any CPU
		{E0CF2388-3A63-4B9B-B75B-163999175EB3}.AppStore|x86.ActiveCfg = Release|x86
		{E0CF2388-3A63-4B9B-B75B-163999175EB3}.AppStore|x86.Build.0 = Release|x86
		{E0CF2388-3A63-4B9B-B75B-163999175EB3}.AppStore|x86.Deploy.0 = Release|x86
		{E0CF2388-3A63-4B9B-B75B-163999175EB3}.Debug|Any CPU.ActiveCfg = Debug|Any CPU
		{E0CF2388-3A63-4B9B-B75B-163999175EB3}.Debug|Any CPU.Build.0 = Debug|Any CPU
		{E0CF2388-3A63-4B9B-B75B-163999175EB3}.Debug|Any CPU.Deploy.0 = Debug|Any CPU
		{E0CF2388-3A63-4B9B-B75B-163999175EB3}.Debug|ARM.ActiveCfg = Debug|ARM
		{E0CF2388-3A63-4B9B-B75B-163999175EB3}.Debug|ARM.Build.0 = Debug|ARM
		{E0CF2388-3A63-4B9B-B75B-163999175EB3}.Debug|ARM.Deploy.0 = Debug|ARM
		{E0CF2388-3A63-4B9B-B75B-163999175EB3}.Debug|iPhone.ActiveCfg = Debug|Any CPU
		{E0CF2388-3A63-4B9B-B75B-163999175EB3}.Debug|iPhone.Build.0 = Debug|Any CPU
		{E0CF2388-3A63-4B9B-B75B-163999175EB3}.Debug|iPhone.Deploy.0 = Debug|Any CPU
		{E0CF2388-3A63-4B9B-B75B-163999175EB3}.Debug|iPhoneSimulator.ActiveCfg = Debug|Any CPU
		{E0CF2388-3A63-4B9B-B75B-163999175EB3}.Debug|iPhoneSimulator.Build.0 = Debug|Any CPU
		{E0CF2388-3A63-4B9B-B75B-163999175EB3}.Debug|iPhoneSimulator.Deploy.0 = Debug|Any CPU
		{E0CF2388-3A63-4B9B-B75B-163999175EB3}.Debug|x64.ActiveCfg = Debug|Any CPU
		{E0CF2388-3A63-4B9B-B75B-163999175EB3}.Debug|x64.Build.0 = Debug|Any CPU
		{E0CF2388-3A63-4B9B-B75B-163999175EB3}.Debug|x64.Deploy.0 = Debug|Any CPU
		{E0CF2388-3A63-4B9B-B75B-163999175EB3}.Debug|x86.ActiveCfg = Debug|x86
		{E0CF2388-3A63-4B9B-B75B-163999175EB3}.Debug|x86.Build.0 = Debug|x86
		{E0CF2388-3A63-4B9B-B75B-163999175EB3}.Debug|x86.Deploy.0 = Debug|x86
		{E0CF2388-3A63-4B9B-B75B-163999175EB3}.Release|Any CPU.ActiveCfg = Release|Any CPU
		{E0CF2388-3A63-4B9B-B75B-163999175EB3}.Release|Any CPU.Build.0 = Release|Any CPU
		{E0CF2388-3A63-4B9B-B75B-163999175EB3}.Release|Any CPU.Deploy.0 = Release|Any CPU
		{E0CF2388-3A63-4B9B-B75B-163999175EB3}.Release|ARM.ActiveCfg = Release|ARM
		{E0CF2388-3A63-4B9B-B75B-163999175EB3}.Release|ARM.Build.0 = Release|ARM
		{E0CF2388-3A63-4B9B-B75B-163999175EB3}.Release|ARM.Deploy.0 = Release|ARM
		{E0CF2388-3A63-4B9B-B75B-163999175EB3}.Release|iPhone.ActiveCfg = Release|Any CPU
		{E0CF2388-3A63-4B9B-B75B-163999175EB3}.Release|iPhone.Build.0 = Release|Any CPU
		{E0CF2388-3A63-4B9B-B75B-163999175EB3}.Release|iPhone.Deploy.0 = Release|Any CPU
		{E0CF2388-3A63-4B9B-B75B-163999175EB3}.Release|iPhoneSimulator.ActiveCfg = Release|Any CPU
		{E0CF2388-3A63-4B9B-B75B-163999175EB3}.Release|iPhoneSimulator.Build.0 = Release|Any CPU
		{E0CF2388-3A63-4B9B-B75B-163999175EB3}.Release|iPhoneSimulator.Deploy.0 = Release|Any CPU
		{E0CF2388-3A63-4B9B-B75B-163999175EB3}.Release|x64.ActiveCfg = Release|Any CPU
		{E0CF2388-3A63-4B9B-B75B-163999175EB3}.Release|x64.Build.0 = Release|Any CPU
		{E0CF2388-3A63-4B9B-B75B-163999175EB3}.Release|x64.Deploy.0 = Release|Any CPU
		{E0CF2388-3A63-4B9B-B75B-163999175EB3}.Release|x86.ActiveCfg = Release|x86
		{E0CF2388-3A63-4B9B-B75B-163999175EB3}.Release|x86.Build.0 = Release|x86
		{E0CF2388-3A63-4B9B-B75B-163999175EB3}.Release|x86.Deploy.0 = Release|x86
		{99C095E4-A901-471D-9478-F40E9196A632}.Ad-Hoc|Any CPU.ActiveCfg = Release|x86
		{99C095E4-A901-471D-9478-F40E9196A632}.Ad-Hoc|Any CPU.Build.0 = Release|x86
		{99C095E4-A901-471D-9478-F40E9196A632}.Ad-Hoc|Any CPU.Deploy.0 = Release|x86
		{99C095E4-A901-471D-9478-F40E9196A632}.Ad-Hoc|ARM.ActiveCfg = Release|ARM
		{99C095E4-A901-471D-9478-F40E9196A632}.Ad-Hoc|ARM.Build.0 = Release|ARM
		{99C095E4-A901-471D-9478-F40E9196A632}.Ad-Hoc|ARM.Deploy.0 = Release|ARM
		{99C095E4-A901-471D-9478-F40E9196A632}.Ad-Hoc|iPhone.ActiveCfg = Release|x86
		{99C095E4-A901-471D-9478-F40E9196A632}.Ad-Hoc|iPhone.Build.0 = Release|x86
		{99C095E4-A901-471D-9478-F40E9196A632}.Ad-Hoc|iPhone.Deploy.0 = Release|x86
		{99C095E4-A901-471D-9478-F40E9196A632}.Ad-Hoc|iPhoneSimulator.ActiveCfg = Release|x86
		{99C095E4-A901-471D-9478-F40E9196A632}.Ad-Hoc|iPhoneSimulator.Build.0 = Release|x86
		{99C095E4-A901-471D-9478-F40E9196A632}.Ad-Hoc|iPhoneSimulator.Deploy.0 = Release|x86
		{99C095E4-A901-471D-9478-F40E9196A632}.Ad-Hoc|x64.ActiveCfg = Release|x64
		{99C095E4-A901-471D-9478-F40E9196A632}.Ad-Hoc|x64.Build.0 = Release|x64
		{99C095E4-A901-471D-9478-F40E9196A632}.Ad-Hoc|x64.Deploy.0 = Release|x64
		{99C095E4-A901-471D-9478-F40E9196A632}.Ad-Hoc|x86.ActiveCfg = Release|x86
		{99C095E4-A901-471D-9478-F40E9196A632}.Ad-Hoc|x86.Build.0 = Release|x86
		{99C095E4-A901-471D-9478-F40E9196A632}.Ad-Hoc|x86.Deploy.0 = Release|x86
		{99C095E4-A901-471D-9478-F40E9196A632}.AppStore|Any CPU.ActiveCfg = Release|x86
		{99C095E4-A901-471D-9478-F40E9196A632}.AppStore|Any CPU.Build.0 = Release|x86
		{99C095E4-A901-471D-9478-F40E9196A632}.AppStore|Any CPU.Deploy.0 = Release|x86
		{99C095E4-A901-471D-9478-F40E9196A632}.AppStore|ARM.ActiveCfg = Release|ARM
		{99C095E4-A901-471D-9478-F40E9196A632}.AppStore|ARM.Build.0 = Release|ARM
		{99C095E4-A901-471D-9478-F40E9196A632}.AppStore|ARM.Deploy.0 = Release|ARM
		{99C095E4-A901-471D-9478-F40E9196A632}.AppStore|iPhone.ActiveCfg = Release|x86
		{99C095E4-A901-471D-9478-F40E9196A632}.AppStore|iPhone.Build.0 = Release|x86
		{99C095E4-A901-471D-9478-F40E9196A632}.AppStore|iPhone.Deploy.0 = Release|x86
		{99C095E4-A901-471D-9478-F40E9196A632}.AppStore|iPhoneSimulator.ActiveCfg = Release|x86
		{99C095E4-A901-471D-9478-F40E9196A632}.AppStore|iPhoneSimulator.Build.0 = Release|x86
		{99C095E4-A901-471D-9478-F40E9196A632}.AppStore|iPhoneSimulator.Deploy.0 = Release|x86
		{99C095E4-A901-471D-9478-F40E9196A632}.AppStore|x64.ActiveCfg = Release|x64
		{99C095E4-A901-471D-9478-F40E9196A632}.AppStore|x64.Build.0 = Release|x64
		{99C095E4-A901-471D-9478-F40E9196A632}.AppStore|x64.Deploy.0 = Release|x64
		{99C095E4-A901-471D-9478-F40E9196A632}.AppStore|x86.ActiveCfg = Release|x86
		{99C095E4-A901-471D-9478-F40E9196A632}.AppStore|x86.Build.0 = Release|x86
		{99C095E4-A901-471D-9478-F40E9196A632}.AppStore|x86.Deploy.0 = Release|x86
		{99C095E4-A901-471D-9478-F40E9196A632}.Debug|Any CPU.ActiveCfg = Debug|x86
		{99C095E4-A901-471D-9478-F40E9196A632}.Debug|ARM.ActiveCfg = Debug|ARM
		{99C095E4-A901-471D-9478-F40E9196A632}.Debug|ARM.Build.0 = Debug|ARM
		{99C095E4-A901-471D-9478-F40E9196A632}.Debug|ARM.Deploy.0 = Debug|ARM
		{99C095E4-A901-471D-9478-F40E9196A632}.Debug|iPhone.ActiveCfg = Debug|x86
		{99C095E4-A901-471D-9478-F40E9196A632}.Debug|iPhoneSimulator.ActiveCfg = Debug|x86
		{99C095E4-A901-471D-9478-F40E9196A632}.Debug|x64.ActiveCfg = Debug|x64
		{99C095E4-A901-471D-9478-F40E9196A632}.Debug|x64.Build.0 = Debug|x64
		{99C095E4-A901-471D-9478-F40E9196A632}.Debug|x64.Deploy.0 = Debug|x64
		{99C095E4-A901-471D-9478-F40E9196A632}.Debug|x86.ActiveCfg = Debug|x86
		{99C095E4-A901-471D-9478-F40E9196A632}.Debug|x86.Build.0 = Debug|x86
		{99C095E4-A901-471D-9478-F40E9196A632}.Debug|x86.Deploy.0 = Debug|x86
		{99C095E4-A901-471D-9478-F40E9196A632}.Release|Any CPU.ActiveCfg = Release|x86
		{99C095E4-A901-471D-9478-F40E9196A632}.Release|ARM.ActiveCfg = Release|ARM
		{99C095E4-A901-471D-9478-F40E9196A632}.Release|ARM.Build.0 = Release|ARM
		{99C095E4-A901-471D-9478-F40E9196A632}.Release|ARM.Deploy.0 = Release|ARM
		{99C095E4-A901-471D-9478-F40E9196A632}.Release|iPhone.ActiveCfg = Release|x86
		{99C095E4-A901-471D-9478-F40E9196A632}.Release|iPhoneSimulator.ActiveCfg = Release|x86
		{99C095E4-A901-471D-9478-F40E9196A632}.Release|x64.ActiveCfg = Release|x64
		{99C095E4-A901-471D-9478-F40E9196A632}.Release|x64.Build.0 = Release|x64
		{99C095E4-A901-471D-9478-F40E9196A632}.Release|x64.Deploy.0 = Release|x64
		{99C095E4-A901-471D-9478-F40E9196A632}.Release|x86.ActiveCfg = Release|x86
		{99C095E4-A901-471D-9478-F40E9196A632}.Release|x86.Build.0 = Release|x86
		{99C095E4-A901-471D-9478-F40E9196A632}.Release|x86.Deploy.0 = Release|x86
		{75878801-AD07-492A-90A1-B925CC40DC66}.Ad-Hoc|Any CPU.ActiveCfg = Release|Any CPU
		{75878801-AD07-492A-90A1-B925CC40DC66}.Ad-Hoc|Any CPU.Build.0 = Release|Any CPU
		{75878801-AD07-492A-90A1-B925CC40DC66}.Ad-Hoc|Any CPU.Deploy.0 = Release|Any CPU
		{75878801-AD07-492A-90A1-B925CC40DC66}.Ad-Hoc|ARM.ActiveCfg = Release|ARM
		{75878801-AD07-492A-90A1-B925CC40DC66}.Ad-Hoc|ARM.Build.0 = Release|ARM
		{75878801-AD07-492A-90A1-B925CC40DC66}.Ad-Hoc|ARM.Deploy.0 = Release|ARM
		{75878801-AD07-492A-90A1-B925CC40DC66}.Ad-Hoc|iPhone.ActiveCfg = Release|Any CPU
		{75878801-AD07-492A-90A1-B925CC40DC66}.Ad-Hoc|iPhone.Build.0 = Release|Any CPU
		{75878801-AD07-492A-90A1-B925CC40DC66}.Ad-Hoc|iPhone.Deploy.0 = Release|Any CPU
		{75878801-AD07-492A-90A1-B925CC40DC66}.Ad-Hoc|iPhoneSimulator.ActiveCfg = Release|Any CPU
		{75878801-AD07-492A-90A1-B925CC40DC66}.Ad-Hoc|iPhoneSimulator.Build.0 = Release|Any CPU
		{75878801-AD07-492A-90A1-B925CC40DC66}.Ad-Hoc|iPhoneSimulator.Deploy.0 = Release|Any CPU
		{75878801-AD07-492A-90A1-B925CC40DC66}.Ad-Hoc|x64.ActiveCfg = Release|x64
		{75878801-AD07-492A-90A1-B925CC40DC66}.Ad-Hoc|x64.Build.0 = Release|x64
		{75878801-AD07-492A-90A1-B925CC40DC66}.Ad-Hoc|x64.Deploy.0 = Release|x64
		{75878801-AD07-492A-90A1-B925CC40DC66}.Ad-Hoc|x86.ActiveCfg = Release|x86
		{75878801-AD07-492A-90A1-B925CC40DC66}.Ad-Hoc|x86.Build.0 = Release|x86
		{75878801-AD07-492A-90A1-B925CC40DC66}.Ad-Hoc|x86.Deploy.0 = Release|x86
		{75878801-AD07-492A-90A1-B925CC40DC66}.AppStore|Any CPU.ActiveCfg = Release|Any CPU
		{75878801-AD07-492A-90A1-B925CC40DC66}.AppStore|Any CPU.Build.0 = Release|Any CPU
		{75878801-AD07-492A-90A1-B925CC40DC66}.AppStore|Any CPU.Deploy.0 = Release|Any CPU
		{75878801-AD07-492A-90A1-B925CC40DC66}.AppStore|ARM.ActiveCfg = Release|ARM
		{75878801-AD07-492A-90A1-B925CC40DC66}.AppStore|ARM.Build.0 = Release|ARM
		{75878801-AD07-492A-90A1-B925CC40DC66}.AppStore|ARM.Deploy.0 = Release|ARM
		{75878801-AD07-492A-90A1-B925CC40DC66}.AppStore|iPhone.ActiveCfg = Release|Any CPU
		{75878801-AD07-492A-90A1-B925CC40DC66}.AppStore|iPhone.Build.0 = Release|Any CPU
		{75878801-AD07-492A-90A1-B925CC40DC66}.AppStore|iPhone.Deploy.0 = Release|Any CPU
		{75878801-AD07-492A-90A1-B925CC40DC66}.AppStore|iPhoneSimulator.ActiveCfg = Release|Any CPU
		{75878801-AD07-492A-90A1-B925CC40DC66}.AppStore|iPhoneSimulator.Build.0 = Release|Any CPU
		{75878801-AD07-492A-90A1-B925CC40DC66}.AppStore|iPhoneSimulator.Deploy.0 = Release|Any CPU
		{75878801-AD07-492A-90A1-B925CC40DC66}.AppStore|x64.ActiveCfg = Release|x64
		{75878801-AD07-492A-90A1-B925CC40DC66}.AppStore|x64.Build.0 = Release|x64
		{75878801-AD07-492A-90A1-B925CC40DC66}.AppStore|x64.Deploy.0 = Release|x64
		{75878801-AD07-492A-90A1-B925CC40DC66}.AppStore|x86.ActiveCfg = Release|x86
		{75878801-AD07-492A-90A1-B925CC40DC66}.AppStore|x86.Build.0 = Release|x86
		{75878801-AD07-492A-90A1-B925CC40DC66}.AppStore|x86.Deploy.0 = Release|x86
		{75878801-AD07-492A-90A1-B925CC40DC66}.Debug|Any CPU.ActiveCfg = Debug|Any CPU
		{75878801-AD07-492A-90A1-B925CC40DC66}.Debug|Any CPU.Build.0 = Debug|Any CPU
		{75878801-AD07-492A-90A1-B925CC40DC66}.Debug|Any CPU.Deploy.0 = Debug|Any CPU
		{75878801-AD07-492A-90A1-B925CC40DC66}.Debug|ARM.ActiveCfg = Debug|ARM
		{75878801-AD07-492A-90A1-B925CC40DC66}.Debug|ARM.Build.0 = Debug|ARM
		{75878801-AD07-492A-90A1-B925CC40DC66}.Debug|ARM.Deploy.0 = Debug|ARM
		{75878801-AD07-492A-90A1-B925CC40DC66}.Debug|iPhone.ActiveCfg = Debug|Any CPU
		{75878801-AD07-492A-90A1-B925CC40DC66}.Debug|iPhone.Build.0 = Debug|Any CPU
		{75878801-AD07-492A-90A1-B925CC40DC66}.Debug|iPhone.Deploy.0 = Debug|Any CPU
		{75878801-AD07-492A-90A1-B925CC40DC66}.Debug|iPhoneSimulator.ActiveCfg = Debug|Any CPU
		{75878801-AD07-492A-90A1-B925CC40DC66}.Debug|iPhoneSimulator.Build.0 = Debug|Any CPU
		{75878801-AD07-492A-90A1-B925CC40DC66}.Debug|iPhoneSimulator.Deploy.0 = Debug|Any CPU
		{75878801-AD07-492A-90A1-B925CC40DC66}.Debug|x64.ActiveCfg = Debug|x64
		{75878801-AD07-492A-90A1-B925CC40DC66}.Debug|x64.Build.0 = Debug|x64
		{75878801-AD07-492A-90A1-B925CC40DC66}.Debug|x64.Deploy.0 = Debug|x64
		{75878801-AD07-492A-90A1-B925CC40DC66}.Debug|x86.ActiveCfg = Debug|x86
		{75878801-AD07-492A-90A1-B925CC40DC66}.Debug|x86.Build.0 = Debug|x86
		{75878801-AD07-492A-90A1-B925CC40DC66}.Debug|x86.Deploy.0 = Debug|x86
		{75878801-AD07-492A-90A1-B925CC40DC66}.Release|Any CPU.ActiveCfg = Release|Any CPU
		{75878801-AD07-492A-90A1-B925CC40DC66}.Release|Any CPU.Build.0 = Release|Any CPU
		{75878801-AD07-492A-90A1-B925CC40DC66}.Release|Any CPU.Deploy.0 = Release|Any CPU
		{75878801-AD07-492A-90A1-B925CC40DC66}.Release|ARM.ActiveCfg = Release|ARM
		{75878801-AD07-492A-90A1-B925CC40DC66}.Release|ARM.Build.0 = Release|ARM
		{75878801-AD07-492A-90A1-B925CC40DC66}.Release|ARM.Deploy.0 = Release|ARM
		{75878801-AD07-492A-90A1-B925CC40DC66}.Release|iPhone.ActiveCfg = Release|Any CPU
		{75878801-AD07-492A-90A1-B925CC40DC66}.Release|iPhone.Build.0 = Release|Any CPU
		{75878801-AD07-492A-90A1-B925CC40DC66}.Release|iPhone.Deploy.0 = Release|Any CPU
		{75878801-AD07-492A-90A1-B925CC40DC66}.Release|iPhoneSimulator.ActiveCfg = Release|Any CPU
		{75878801-AD07-492A-90A1-B925CC40DC66}.Release|iPhoneSimulator.Build.0 = Release|Any CPU
		{75878801-AD07-492A-90A1-B925CC40DC66}.Release|iPhoneSimulator.Deploy.0 = Release|Any CPU
		{75878801-AD07-492A-90A1-B925CC40DC66}.Release|x64.ActiveCfg = Release|x64
		{75878801-AD07-492A-90A1-B925CC40DC66}.Release|x64.Build.0 = Release|x64
		{75878801-AD07-492A-90A1-B925CC40DC66}.Release|x64.Deploy.0 = Release|x64
		{75878801-AD07-492A-90A1-B925CC40DC66}.Release|x86.ActiveCfg = Release|x86
		{75878801-AD07-492A-90A1-B925CC40DC66}.Release|x86.Build.0 = Release|x86
		{75878801-AD07-492A-90A1-B925CC40DC66}.Release|x86.Deploy.0 = Release|x86
	EndGlobalSection
	GlobalSection(SolutionProperties) = preSolution
		HideSolutionNode = FALSE
	EndGlobalSection
EndGlobal
